
Microsoft Visual Studio Solution File, Format Version 12.00
# Visual Studio Version 16
VisualStudioVersion = 16.0.29306.81
MinimumVisualStudioVersion = 10.0.40219.1
Project("{FAE04EC0-301F-11D3-BF4B-00C04F79EFBC}") = "AppChapter1.Android", "AppChapter1\AppChapter1.Android\AppChapter1.Android.csproj", "{6547C7B7-4854-4AE0-A66A-3741267DA10E}"
EndProject
Project("{FAE04EC0-301F-11D3-BF4B-00C04F79EFBC}") = "AppChapter1.iOS", "AppChapter1\AppChapter1.iOS\AppChapter1.iOS.csproj", "{A3F6CEC3-AE61-4381-9D49-26277076E1C5}"
EndProject
Project("{FAE04EC0-301F-11D3-BF4B-00C04F79EFBC}") = "AppChapter1", "AppChapter1\AppChapter1\AppChapter1.csproj", "{A2EF48B1-CBAE-4DA3-B03B-55C2D92D13D6}"
EndProject
Global
	GlobalSection(SolutionConfigurationPlatforms) = preSolution
		Debug|Any CPU = Debug|Any CPU
		Debug|iPhone = Debug|iPhone
		Debug|iPhoneSimulator = Debug|iPhoneSimulator
		Release|Any CPU = Release|Any CPU
		Release|iPhone = Release|iPhone
		Release|iPhoneSimulator = Release|iPhoneSimulator
	EndGlobalSection
	GlobalSection(ProjectConfigurationPlatforms) = postSolution
		{6547C7B7-4854-4AE0-A66A-3741267DA10E}.Debug|Any CPU.ActiveCfg = Debug|Any CPU
		{6547C7B7-4854-4AE0-A66A-3741267DA10E}.Debug|Any CPU.Build.0 = Debug|Any CPU
		{6547C7B7-4854-4AE0-A66A-3741267DA10E}.Debug|Any CPU.Deploy.0 = Debug|Any CPU
		{6547C7B7-4854-4AE0-A66A-3741267DA10E}.Debug|iPhone.ActiveCfg = Debug|Any CPU
		{6547C7B7-4854-4AE0-A66A-3741267DA10E}.Debug|iPhone.Build.0 = Debug|Any CPU
		{6547C7B7-4854-4AE0-A66A-3741267DA10E}.Debug|iPhone.Deploy.0 = Debug|Any CPU
		{6547C7B7-4854-4AE0-A66A-3741267DA10E}.Debug|iPhoneSimulator.ActiveCfg = Debug|Any CPU
		{6547C7B7-4854-4AE0-A66A-3741267DA10E}.Debug|iPhoneSimulator.Build.0 = Debug|Any CPU
		{6547C7B7-4854-4AE0-A66A-3741267DA10E}.Debug|iPhoneSimulator.Deploy.0 = Debug|Any CPU
		{6547C7B7-4854-4AE0-A66A-3741267DA10E}.Release|Any CPU.ActiveCfg = Release|Any CPU
		{6547C7B7-4854-4AE0-A66A-3741267DA10E}.Release|Any CPU.Build.0 = Release|Any CPU
		{6547C7B7-4854-4AE0-A66A-3741267DA10E}.Release|Any CPU.Deploy.0 = Release|Any CPU
		{6547C7B7-4854-4AE0-A66A-3741267DA10E}.Release|iPhone.ActiveCfg = Release|Any CPU
		{6547C7B7-4854-4AE0-A66A-3741267DA10E}.Release|iPhone.Build.0 = Release|Any CPU
		{6547C7B7-4854-4AE0-A66A-3741267DA10E}.Release|iPhone.Deploy.0 = Release|Any CPU
		{6547C7B7-4854-4AE0-A66A-3741267DA10E}.Release|iPhoneSimulator.ActiveCfg = Release|Any CPU
		{6547C7B7-4854-4AE0-A66A-3741267DA10E}.Release|iPhoneSimulator.Build.0 = Release|Any CPU
		{6547C7B7-4854-4AE0-A66A-3741267DA10E}.Release|iPhoneSimulator.Deploy.0 = Release|Any CPU
		{A3F6CEC3-AE61-4381-9D49-26277076E1C5}.Debug|Any CPU.ActiveCfg = Debug|iPhoneSimulator
		{A3F6CEC3-AE61-4381-9D49-26277076E1C5}.Debug|Any CPU.Build.0 = Debug|iPhoneSimulator
		{A3F6CEC3-AE61-4381-9D49-26277076E1C5}.Debug|Any CPU.Deploy.0 = Debug|iPhoneSimulator
		{A3F6CEC3-AE61-4381-9D49-26277076E1C5}.Debug|iPhone.ActiveCfg = Debug|iPhone
		{A3F6CEC3-AE61-4381-9D49-26277076E1C5}.Debug|iPhone.Build.0 = Debug|iPhone
		{A3F6CEC3-AE61-4381-9D49-26277076E1C5}.Debug|iPhone.Deploy.0 = Debug|iPhone
		{A3F6CEC3-AE61-4381-9D49-26277076E1C5}.Debug|iPhoneSimulator.ActiveCfg = Debug|iPhoneSimulator
		{A3F6CEC3-AE61-4381-9D49-26277076E1C5}.Debug|iPhoneSimulator.Build.0 = Debug|iPhoneSimulator
		{A3F6CEC3-AE61-4381-9D49-26277076E1C5}.Debug|iPhoneSimulator.Deploy.0 = Debug|iPhoneSimulator
		{A3F6CEC3-AE61-4381-9D49-26277076E1C5}.Release|Any CPU.ActiveCfg = Release|iPhone
		{A3F6CEC3-AE61-4381-9D49-26277076E1C5}.Release|Any CPU.Build.0 = Release|iPhone
		{A3F6CEC3-AE61-4381-9D49-26277076E1C5}.Release|Any CPU.Deploy.0 = Release|iPhone
		{A3F6CEC3-AE61-4381-9D49-26277076E1C5}.Release|iPhone.ActiveCfg = Release|iPhone
		{A3F6CEC3-AE61-4381-9D49-26277076E1C5}.Release|iPhone.Build.0 = Release|iPhone
		{A3F6CEC3-AE61-4381-9D49-26277076E1C5}.Release|iPhone.Deploy.0 = Release|iPhone
		{A3F6CEC3-AE61-4381-9D49-26277076E1C5}.Release|iPhoneSimulator.ActiveCfg = Release|iPhoneSimulator
		{A3F6CEC3-AE61-4381-9D49-26277076E1C5}.Release|iPhoneSimulator.Build.0 = Release|iPhoneSimulator
		{A3F6CEC3-AE61-4381-9D49-26277076E1C5}.Release|iPhoneSimulator.Deploy.0 = Release|iPhoneSimulator
		{A2EF48B1-CBAE-4DA3-B03B-55C2D92D13D6}.Debug|Any CPU.ActiveCfg = Debug|Any CPU
		{A2EF48B1-CBAE-4DA3-B03B-55C2D92D13D6}.Debug|Any CPU.Build.0 = Debug|Any CPU
		{A2EF48B1-CBAE-4DA3-B03B-55C2D92D13D6}.Debug|Any CPU.Deploy.0 = Debug|Any CPU
		{A2EF48B1-CBAE-4DA3-B03B-55C2D92D13D6}.Debug|iPhone.ActiveCfg = Debug|Any CPU
		{A2EF48B1-CBAE-4DA3-B03B-55C2D92D13D6}.Debug|iPhone.Build.0 = Debug|Any CPU
		{A2EF48B1-CBAE-4DA3-B03B-55C2D92D13D6}.Debug|iPhone.Deploy.0 = Debug|Any CPU
		{A2EF48B1-CBAE-4DA3-B03B-55C2D92D13D6}.Debug|iPhoneSimulator.ActiveCfg = Debug|Any CPU
		{A2EF48B1-CBAE-4DA3-B03B-55C2D92D13D6}.Debug|iPhoneSimulator.Build.0 = Debug|Any CPU
		{A2EF48B1-CBAE-4DA3-B03B-55C2D92D13D6}.Debug|iPhoneSimulator.Deploy.0 = Debug|Any CPU
		{A2EF48B1-CBAE-4DA3-B03B-55C2D92D13D6}.Release|Any CPU.ActiveCfg = Release|Any CPU
		{A2EF48B1-CBAE-4DA3-B03B-55C2D92D13D6}.Release|Any CPU.Build.0 = Release|Any CPU
		{A2EF48B1-CBAE-4DA3-B03B-55C2D92D13D6}.Release|Any CPU.Deploy.0 = Release|Any CPU
		{A2EF48B1-CBAE-4DA3-B03B-55C2D92D13D6}.Release|iPhone.ActiveCfg = Release|Any CPU
		{A2EF48B1-CBAE-4DA3-B03B-55C2D92D13D6}.Release|iPhone.Build.0 = Release|Any CPU
		{A2EF48B1-CBAE-4DA3-B03B-55C2D92D13D6}.Release|iPhone.Deploy.0 = Release|Any CPU
		{A2EF48B1-CBAE-4DA3-B03B-55C2D92D13D6}.Release|iPhoneSimulator.ActiveCfg = Release|Any CPU
		{A2EF48B1-CBAE-4DA3-B03B-55C2D92D13D6}.Release|iPhoneSimulator.Build.0 = Release|Any CPU
		{A2EF48B1-CBAE-4DA3-B03B-55C2D92D13D6}.Release|iPhoneSimulator.Deploy.0 = Release|Any CPU
	EndGlobalSection
	GlobalSection(SolutionProperties) = preSolution
		HideSolutionNode = FALSE
	EndGlobalSection
	GlobalSection(ExtensibilityGlobals) = postSolution
		SolutionGuid = {46422492-7C03-4A35-AB8F-D8009EC75A93}
	EndGlobalSection
EndGlobal
